
Microsoft Visual Studio Solution File, Format Version 12.00
# Visual Studio 14
VisualStudioVersion = 14.0.23107.0
MinimumVisualStudioVersion = 10.0.40219.1
Project("{FAE04EC0-301F-11D3-BF4B-00C04F79EFBC}") = "Proiect IA", "Proiect IA\Proiect IA.csproj", "{7EF09676-A3B9-4D49-97E5-43B531BDAB68}"
EndProject
Global
	GlobalSection(SolutionConfigurationPlatforms) = preSolution
		Debug|Any CPU = Debug|Any CPU
		Release|Any CPU = Release|Any CPU
	EndGlobalSection
	GlobalSection(ProjectConfigurationPlatforms) = postSolution
		{7EF09676-A3B9-4D49-97E5-43B531BDAB68}.Debug|Any CPU.ActiveCfg = Debug|Any CPU
		{7EF09676-A3B9-4D49-97E5-43B531BDAB68}.Debug|Any CPU.Build.0 = Debug|Any CPU
		{7EF09676-A3B9-4D49-97E5-43B531BDAB68}.Release|Any CPU.ActiveCfg = Release|Any CPU
		{7EF09676-A3B9-4D49-97E5-43B531BDAB68}.Release|Any CPU.Build.0 = Release|Any CPU
	EndGlobalSection
	GlobalSection(SolutionProperties) = preSolution
		HideSolutionNode = FALSE
	EndGlobalSection
EndGlobal
